{
  "nodes": {
    "nixpkgs": {
      "locked": {
        "lastModified": 1640443850,
        "narHash": "sha256-s3EhD+iNjyIE/gZkV5vES6d0eI4dJ2WBlaXyUsEmaek=",
        "owner": "NixOS",
        "repo": "nixpkgs",
        "rev": "6979c0e49bb491e18dd4870abb104cc7375aa7e8",
        "type": "github"
      },
      "original": {
        "owner": "NixOS",
        "ref": "nixos-21.11",
        "repo": "nixpkgs",
        "type": "github"
      }
    },
    "root": {
      "inputs": {
        "nixpkgs": "nixpkgs"
      }
    }
  },
  "root": "root",
  "version": 7
}
