{
  "nodes": {
    "advisory-db": {
      "flake": false,
      "locked": {
        "lastModified": 1720572893,
        "narHash": "sha256-EQfU1yMnebn7LoJNjjsQimyuWwz+2YzazqUZu8aX/r4=",
        "owner": "rustsec",
        "repo": "advisory-db",
        "rev": "97a2dc75838f19a5fd63dc3f8e3f57e0c4c8cfe6",
        "type": "github"
      },
      "original": {
        "owner": "rustsec",
        "repo": "advisory-db",
        "type": "github"
      }
    },
    "agenix": {
      "inputs": {
        "darwin": "darwin",
        "home-manager": "home-manager",
        "nixpkgs": [
          "base-lib",
          "nixpkgs"
        ],
        "systems": [
          "base-lib",
          "systems"
        ]
      },
      "locked": {
        "lastModified": 1770165109,
        "narHash": "sha256-9VnK6Oqai65puVJ4WYtCTvlJeXxMzAp/69HhQuTdl/I=",
        "owner": "ryantm",
        "repo": "agenix",
        "rev": "b027ee29d959fda4b60b57566d64c98a202e0feb",
        "type": "github"
      },
      "original": {
        "owner": "ryantm",
        "repo": "agenix",
        "type": "github"
      }
    },
    "base-lib": {
      "inputs": {
        "agenix": "agenix",
        "darwin": "darwin_2",
        "deploy-rs": "deploy-rs",
        "flake-utils": "flake-utils",
        "home-manager": "home-manager_2",
        "nixpkgs": "nixpkgs",
        "opencode": "opencode",
        "systems": "systems",
        "titlecase": "titlecase"
      },
      "locked": {
        "path": "../../base-lib",
        "type": "path"
      },
      "original": {
        "path": "../../base-lib",
        "type": "path"
      },
      "parent": []
    },
    "crane": {
      "inputs": {
        "nixpkgs": [
          "base-lib",
          "titlecase",
          "nixpkgs"
        ]
      },
      "locked": {
        "lastModified": 1720546058,
        "narHash": "sha256-iU2yVaPIZm5vMGdlT0+57vdB/aPq/V5oZFBRwYw+HBM=",
        "owner": "ipetkov",
        "repo": "crane",
        "rev": "2d83156f23c43598cf44e152c33a59d3892f8b29",
        "type": "github"
      },
      "original": {
        "owner": "ipetkov",
        "repo": "crane",
        "type": "github"
      }
    },
    "darwin": {
      "inputs": {
        "nixpkgs": [
          "base-lib",
          "agenix",
          "nixpkgs"
        ]
      },
      "locked": {
        "lastModified": 1744478979,
        "narHash": "sha256-dyN+teG9G82G+m+PX/aSAagkC+vUv0SgUw3XkPhQodQ=",
        "owner": "lnl7",
        "repo": "nix-darwin",
        "rev": "43975d782b418ebf4969e9ccba82466728c2851b",
        "type": "github"
      },
      "original": {
        "owner": "lnl7",
        "ref": "master",
        "repo": "nix-darwin",
        "type": "github"
      }
    },
    "darwin_2": {
      "inputs": {
        "nixpkgs": [
          "base-lib",
          "nixpkgs"
        ]
      },
      "locked": {
        "lastModified": 1786845137,
        "narHash": "sha256-oQFip+v0luP8NIxJzmiW4Wu8bILsbFWom5l0zonl8hQ=",
        "owner": "nix-darwin",
        "repo": "nix-darwin",
        "rev": "4cff07de74b50e64bdd68cd4e722ab5b6b35ee48",
        "type": "github"
      },
      "original": {
        "owner": "nix-darwin",
        "ref": "master",
        "repo": "nix-darwin",
        "type": "github"
      }
    },
    "deploy-rs": {
      "inputs": {
        "flake-compat": "flake-compat",
        "nixpkgs": [
          "base-lib",
          "nixpkgs"
        ],
        "utils": [
          "base-lib",
          "flake-utils"
        ]
      },
      "locked": {
        "lastModified": 1789404474,
        "narHash": "sha256-UXFQ7tFiwn8sPz0EV4CBB2PCf/ZiGIHWn/6MXk81Lxs=",
        "owner": "serokell",
        "repo": "deploy-rs",
        "rev": "e760371d631165e7d8de5b0dcf148e21ec4c16f0",
        "type": "github"
      },
      "original": {
        "owner": "serokell",
        "repo": "deploy-rs",
        "type": "github"
      }
    },
    "disko": {
      "inputs": {
        "nixpkgs": [
          "nixpkgs"
        ]
      },
      "locked": {
        "lastModified": 1781152676,
        "narHash": "sha256-RxWs5ND31KzTG7wvMM+PMfUjyNpmIEr999lqNARaM5o=",
        "owner": "nix-community",
        "repo": "disko",
        "rev": "ff8702b4de27f72b4c78573dfb89ec74e36abdf1",
        "type": "github"
      },
      "original": {
        "owner": "nix-community",
        "repo": "disko",
        "type": "github"
      }
    },
    "fenix": {
      "inputs": {
        "nixpkgs": [
          "base-lib",
          "titlecase",
          "nixpkgs"
        ],
        "rust-analyzer-src": [
          "base-lib",
          "titlecase"
        ]
      },
      "locked": {
        "lastModified": 1720592968,
        "narHash": "sha256-k46iKgWDPXeUeO/ev0kSmjDuEIFw3pzbMqx4FUK9+yk=",
        "owner": "nix-community",
        "repo": "fenix",
        "rev": "1a3edfb3317af90822b892a01708c60d0d30e1d8",
        "type": "github"
      },
      "original": {
        "owner": "nix-community",
        "repo": "fenix",
        "type": "github"
      }
    },
    "fenix_2": {
      "inputs": {
        "nixpkgs": [
          "hm-modules",
          "starship-jj",
          "nixpkgs"
        ],
        "rust-analyzer-src": "rust-analyzer-src"
      },
      "locked": {
        "lastModified": 1785919363,
        "narHash": "sha256-4FDhl7ybhL5qhJw1X2IviFJ2MERnzV7X1HlJhFeSBXU=",
        "owner": "nix-community",
        "repo": "fenix",
        "rev": "d17fa5c004217ac6e51da9a8c2d2b79b0ed37109",
        "type": "github"
      },
      "original": {
        "owner": "nix-community",
        "repo": "fenix",
        "type": "github"
      }
    },
    "flake-compat": {
      "flake": false,
      "locked": {
        "lastModified": 1733328505,
        "narHash": "sha256-NeCCThCEP3eCl2l/+27kNNK7QrwZB1IJCrXfrbv5oqU=",
        "owner": "edolstra",
        "repo": "flake-compat",
        "rev": "ff81ac966bb2cae68946d5ed5fc4994f96d0ffec",
        "type": "github"
      },
      "original": {
        "owner": "edolstra",
        "repo": "flake-compat",
        "type": "github"
      }
    },
    "flake-utils": {
      "inputs": {
        "systems": [
          "base-lib",
          "systems"
        ]
      },
      "locked": {
        "lastModified": 1731533236,
        "narHash": "sha256-l0KFg5HjrsfsO/JpG+r7fRrqm12kzFHyUHqHCVpMMbI=",
        "owner": "numtide",
        "repo": "flake-utils",
        "rev": "11707dc2f618dd54ca8739b309ec4fc024de578b",
        "type": "github"
      },
      "original": {
        "owner": "numtide",
        "repo": "flake-utils",
        "type": "github"
      }
    },
    "flake-utils_2": {
      "inputs": {
        "systems": "systems_2"
      },
      "locked": {
        "lastModified": 1731533236,
        "narHash": "sha256-l0KFg5HjrsfsO/JpG+r7fRrqm12kzFHyUHqHCVpMMbI=",
        "owner": "numtide",
        "repo": "flake-utils",
        "rev": "11707dc2f618dd54ca8739b309ec4fc024de578b",
        "type": "github"
      },
      "original": {
        "owner": "numtide",
        "repo": "flake-utils",
        "type": "github"
      }
    },
    "fleet": {
      "inputs": {
        "flake-utils": "flake-utils_2",
        "nixpkgs": [
          "hm-modules",
          "nixpkgs"
        ],
        "srht": [
          "hm-modules",
          "srht"
        ]
      },
      "locked": {
        "lastModified": 1786310054,
        "narHash": "sha256-6pUr4JYqW7Xf47OnM8hr3ex+1jcwwi4/tzqxXl4TQkw=",
        "owner": "averagechris",
        "repo": "averagechris.github.io",
        "rev": "19416e3fc0c0415e39104476565ec0c375bce69b",
        "type": "github"
      },
      "original": {
        "owner": "averagechris",
        "repo": "averagechris.github.io",
        "type": "github"
      }
    },
    "gander": {
      "inputs": {
        "fleet": [
          "hm-modules",
          "fleet"
        ],
        "nixpkgs": [
          "hm-modules",
          "nixpkgs"
        ]
      },
      "locked": {
        "lastModified": 1786314749,
        "narHash": "sha256-yXlwOSSzt8eC7JZDFilfYpmIJsYfaOQNPSDh9lHt1Qw=",
        "owner": "averagechris",
        "repo": "gander",
        "rev": "3c3d674fa4eeab7c47085e9e7617231183d415a8",
        "type": "github"
      },
      "original": {
        "owner": "averagechris",
        "repo": "gander",
        "type": "github"
      }
    },
    "helix": {
      "inputs": {
        "nixpkgs": [
          "hm-modules",
          "nixpkgs"
        ],
        "rust-overlay": "rust-overlay"
      },
      "locked": {
        "lastModified": 1784822617,
        "narHash": "sha256-IYDL6Vnf13Sa+wbeXZTAxvdLA4h8Ew5ha0spcJy/Yk0=",
        "owner": "helix-editor",
        "repo": "helix",
        "rev": "079a789e8cb08ead67f19e1971a1b7438b37354b",
        "type": "github"
      },
      "original": {
        "owner": "helix-editor",
        "repo": "helix",
        "type": "github"
      }
    },
    "hm-modules": {
      "inputs": {
        "base-lib": [
          "base-lib"
        ],
        "flake-utils": [
          "flake-utils"
        ],
        "fleet": "fleet",
        "gander": "gander",
        "helix": "helix",
        "home-manager": [
          "home-manager"
        ],
        "linear-cli": "linear-cli",
        "nitter-link": "nitter-link",
        "nixpkgs": [
          "nixpkgs"
        ],
        "opencode": [
          "base-lib",
          "opencode"
        ],
        "rdny": "rdny",
        "sideshow": "sideshow",
        "srht": "srht",
        "starship-jj": "starship-jj"
      },
      "locked": {
        "path": "../../hm-modules",
        "type": "path"
      },
      "original": {
        "path": "../../hm-modules",
        "type": "path"
      },
      "parent": []
    },
    "home-manager": {
      "inputs": {
        "nixpkgs": [
          "base-lib",
          "agenix",
          "nixpkgs"
        ]
      },
      "locked": {
        "lastModified": 1745494811,
        "narHash": "sha256-YZCh2o9Ua1n9uCvrvi5pRxtuVNml8X2a03qIFfRKpFs=",
        "owner": "nix-community",
        "repo": "home-manager",
        "rev": "abfad3d2958c9e6300a883bd443512c55dfeb1be",
        "type": "github"
      },
      "original": {
        "owner": "nix-community",
        "repo": "home-manager",
        "type": "github"
      }
    },
    "home-manager_2": {
      "inputs": {
        "nixpkgs": [
          "base-lib",
          "nixpkgs"
        ]
      },
      "locked": {
        "lastModified": 1789695075,
        "narHash": "sha256-HREFWgmCTp28ZdMkSFOW2QW8uI17v5CNc04W46h6aPo=",
        "owner": "nix-community",
        "repo": "home-manager",
        "rev": "4ac5a2ae9025eab1ebece4f9df8c315fd84a738a",
        "type": "github"
      },
      "original": {
        "owner": "nix-community",
        "ref": "master",
        "repo": "home-manager",
        "type": "github"
      }
    },
    "linear-cli": {
      "inputs": {
        "flake-utils": [
          "hm-modules",
          "flake-utils"
        ],
        "fleet": [
          "hm-modules",
          "fleet"
        ],
        "nixpkgs": [
          "hm-modules",
          "nixpkgs"
        ]
      },
      "locked": {
        "lastModified": 1786312125,
        "narHash": "sha256-G4ukxzFxBJN6nHPlSxDbEMbrlcskKBmmTyg8fmsUSfQ=",
        "owner": "averagechris",
        "repo": "linear-cli",
        "rev": "67d9eb1a91525ba4e3fc919dc661b1bfd3fa0bff",
        "type": "github"
      },
      "original": {
        "owner": "averagechris",
        "repo": "linear-cli",
        "type": "github"
      }
    },
    "nitter-link": {
      "inputs": {
        "flake-utils": [
          "hm-modules",
          "flake-utils"
        ],
        "fleet": [
          "hm-modules",
          "fleet"
        ],
        "nixpkgs": [
          "hm-modules",
          "nixpkgs"
        ],
        "treefmt-nix": "treefmt-nix"
      },
      "locked": {
        "lastModified": 1783741033,
        "narHash": "sha256-UcfC7PjDrEXSJ6UuR2F++BrX7VF/+BNWjrs16/pssww=",
        "owner": "averagechris",
        "repo": "nitter-link",
        "rev": "e627d315a2433dd4170d901a0ea9dbd9dd518784",
        "type": "github"
      },
      "original": {
        "owner": "averagechris",
        "ref": "v0.1.4",
        "repo": "nitter-link",
        "type": "github"
      }
    },
    "nixos-modules": {
      "inputs": {
        "base-lib": [
          "base-lib"
        ],
        "flake-utils": [
          "flake-utils"
        ],
        "nixpkgs": [
          "nixpkgs"
        ]
      },
      "locked": {
        "path": "../../nixos-modules",
        "type": "path"
      },
      "original": {
        "path": "../../nixos-modules",
        "type": "path"
      },
      "parent": []
    },
    "nixpkgs": {
      "locked": {
        "lastModified": 1789684949,
        "narHash": "sha256-ZKhUe/2IJUq1JhKxKMu8rbkgSGmPP2ZCqlIPn40aGCM=",
        "owner": "NixOS",
        "repo": "nixpkgs",
        "rev": "e554fab72f81915600f3f449b786fd9af40439a5",
        "type": "github"
      },
      "original": {
        "owner": "NixOS",
        "ref": "nixos-unstable",
        "repo": "nixpkgs",
        "type": "github"
      }
    },
    "opencode": {
      "inputs": {
        "nixpkgs": [
          "base-lib",
          "nixpkgs"
        ]
      },
      "locked": {
        "lastModified": 1789757307,
        "narHash": "sha256-ufuG3JcqcJgpGvMX/31KXqRGb/oQ7RrOBTg/TZjQ/h4=",
        "owner": "anomalyco",
        "repo": "opencode",
        "rev": "b1860465cd13d186e69a911642d098a10cef0b49",
        "type": "github"
      },
      "original": {
        "owner": "anomalyco",
        "ref": "v2",
        "repo": "opencode",
        "type": "github"
      }
    },
    "rdny": {
      "inputs": {
        "fleet": [
          "hm-modules",
          "fleet"
        ],
        "nixpkgs": [
          "hm-modules",
          "nixpkgs"
        ]
      },
      "locked": {
        "lastModified": 1786311432,
        "narHash": "sha256-4cPwbqVvjaFLm3WU6NoOl7jMz9q9T3V4YTjC2/B2dO8=",
        "owner": "averagechris",
        "repo": "rdny",
        "rev": "2a558f6dbe30b05c04ed2a141958901f07ef3b85",
        "type": "github"
      },
      "original": {
        "owner": "averagechris",
        "repo": "rdny",
        "type": "github"
      }
    },
    "root": {
      "inputs": {
        "agenix": [
          "base-lib",
          "agenix"
        ],
        "base-lib": "base-lib",
        "deploy-rs": [
          "base-lib",
          "deploy-rs"
        ],
        "disko": "disko",
        "flake-utils": [
          "base-lib",
          "flake-utils"
        ],
        "hm-modules": "hm-modules",
        "home-manager": [
          "base-lib",
          "home-manager"
        ],
        "nixos-modules": "nixos-modules",
        "nixpkgs": [
          "base-lib",
          "nixpkgs"
        ],
        "starship-jj": [
          "hm-modules",
          "starship-jj"
        ],
        "titlecase": [
          "base-lib",
          "titlecase"
        ]
      }
    },
    "rust-analyzer-src": {
      "flake": false,
      "locked": {
        "lastModified": 1785889825,
        "narHash": "sha256-U98Y5RADVCkMCbrKCFXppe6MSAi0tUTLxi3cB/SMcZI=",
        "owner": "rust-lang",
        "repo": "rust-analyzer",
        "rev": "6817dd3094203c8bc4911f5799baf897623003de",
        "type": "github"
      },
      "original": {
        "owner": "rust-lang",
        "ref": "nightly",
        "repo": "rust-analyzer",
        "type": "github"
      }
    },
    "rust-overlay": {
      "inputs": {
        "nixpkgs": [
          "hm-modules",
          "helix",
          "nixpkgs"
        ]
      },
      "locked": {
        "lastModified": 1775358767,
        "narHash": "sha256-f2eC+WIfhjevCPQILuV08i/kmKZzYZpUvkom/33VxCA=",
        "owner": "oxalica",
        "repo": "rust-overlay",
        "rev": "20fd44bc663daa53a2575e01293e24e681d62244",
        "type": "github"
      },
      "original": {
        "owner": "oxalica",
        "repo": "rust-overlay",
        "type": "github"
      }
    },
    "sideshow": {
      "inputs": {
        "fleet": [
          "hm-modules",
          "fleet"
        ],
        "nixpkgs": [
          "hm-modules",
          "nixpkgs"
        ]
      },
      "locked": {
        "lastModified": 1787440035,
        "narHash": "sha256-NvEyxTHEeaqACIE3O81byicdEQG/dvB/ggjdt/6E7ek=",
        "owner": "averagechris",
        "repo": "sideshow",
        "rev": "78b05ba424bd82595464e3d71ff3aed7af721817",
        "type": "github"
      },
      "original": {
        "owner": "averagechris",
        "repo": "sideshow",
        "type": "github"
      }
    },
    "srht": {
      "inputs": {
        "fleet": [
          "hm-modules",
          "fleet"
        ],
        "nixpkgs": [
          "hm-modules",
          "nixpkgs"
        ]
      },
      "locked": {
        "lastModified": 1786033137,
        "narHash": "sha256-EHah1RPqtHskPoLJkJFcyQJy1T3jUNqVS0zIHI0CxYc=",
        "owner": "averagechris",
        "repo": "srht",
        "rev": "125f982de6fe846c55896cec9b5de746596b872b",
        "type": "github"
      },
      "original": {
        "owner": "averagechris",
        "repo": "srht",
        "type": "github"
      }
    },
    "starship-jj": {
      "inputs": {
        "fenix": "fenix_2",
        "flake-utils": [
          "hm-modules",
          "flake-utils"
        ],
        "fleet": [
          "hm-modules",
          "fleet"
        ],
        "nixpkgs": [
          "hm-modules",
          "nixpkgs"
        ],
        "systems": [
          "hm-modules",
          "flake-utils",
          "systems"
        ]
      },
      "locked": {
        "lastModified": 1786312374,
        "narHash": "sha256-ojpZpRCVSbxC/9zPumIAw0evmHgpQQIok7OxO7+ENZU=",
        "owner": "averagechris",
        "repo": "starship-jj",
        "rev": "9181170ac714dc32764243a0a888c9a6a07a022f",
        "type": "github"
      },
      "original": {
        "owner": "averagechris",
        "repo": "starship-jj",
        "type": "github"
      }
    },
    "systems": {
      "locked": {
        "lastModified": 1681028828,
        "narHash": "sha256-Vy1rq5AaRuLzOxct8nz4T6wlgyUR7zLU309k9mBC768=",
        "owner": "nix-systems",
        "repo": "default",
        "rev": "da67096a3b9bf56a91d16901293e51ba5b49a27e",
        "type": "github"
      },
      "original": {
        "owner": "nix-systems",
        "repo": "default",
        "type": "github"
      }
    },
    "systems_2": {
      "locked": {
        "lastModified": 1681028828,
        "narHash": "sha256-Vy1rq5AaRuLzOxct8nz4T6wlgyUR7zLU309k9mBC768=",
        "owner": "nix-systems",
        "repo": "default",
        "rev": "da67096a3b9bf56a91d16901293e51ba5b49a27e",
        "type": "github"
      },
      "original": {
        "owner": "nix-systems",
        "repo": "default",
        "type": "github"
      }
    },
    "titlecase": {
      "inputs": {
        "advisory-db": "advisory-db",
        "crane": "crane",
        "fenix": "fenix",
        "flake-utils": [
          "base-lib",
          "flake-utils"
        ],
        "nixpkgs": [
          "base-lib",
          "nixpkgs"
        ]
      },
      "locked": {
        "lastModified": 1720672215,
        "narHash": "sha256-7KAvLuIQ1lNuoSHqPyjD/wREqX9Qv0phD6261wElD8k=",
        "owner": "averagechris",
        "repo": "titlecase",
        "rev": "11e70c1f1d5796c5f7d2930df53cfaa9a1fc2200",
        "type": "github"
      },
      "original": {
        "owner": "averagechris",
        "repo": "titlecase",
        "type": "github"
      }
    },
    "treefmt-nix": {
      "inputs": {
        "nixpkgs": [
          "hm-modules",
          "nixpkgs"
        ]
      },
      "locked": {
        "lastModified": 1780220602,
        "narHash": "sha256-eynAfOmbmxJnkp7YewvCEbShNnnYJ9gLLqkzsYtBPeM=",
        "owner": "numtide",
        "repo": "treefmt-nix",
        "rev": "db947814a175b7ca6ded66e21383d938df01c227",
        "type": "github"
      },
      "original": {
        "owner": "numtide",
        "repo": "treefmt-nix",
        "type": "github"
      }
    }
  },
  "root": "root",
  "version": 7
}
